
Microsoft Visual Studio Solution File, Format Version 12.00
# Visual Studio 15
VisualStudioVersion = 15.0.27004.2005
MinimumVisualStudioVersion = 10.0.40219.1
Project("{FAE04EC0-301F-11D3-BF4B-00C04F79EFBC}") = "minichain", "minichain\minichain.csproj", "{0A876FA1-46A7-44F7-994C-0E445CB05E5E}"
EndProject
Project("{FAE04EC0-301F-11D3-BF4B-00C04F79EFBC}") = "bad_node_demo", "bad_node_demo\bad_node_demo.csproj", "{F85D05B2-45F4-4A37-9EB7-0FB092E01A5E}"
EndProject
Project("{FAE04EC0-301F-11D3-BF4B-00C04F79EFBC}") = "minichain.test", "minichain.test\minichain.test.csproj", "{3E85D3A4-A37F-4F3F-9729-71C528E65E98}"
EndProject
Project("{FAE04EC0-301F-11D3-BF4B-00C04F79EFBC}") = "developer_fee_demo", "developer_fee_demo\developer_fee_demo.csproj", "{8F9B787F-E23D-4A7C-987C-4BC5209E580F}"
EndProject
Project("{FAE04EC0-301F-11D3-BF4B-00C04F79EFBC}") = "minivm.core", "..\minidity\src\minivm.core\minivm.core.csproj", "{927F7CBA-EEF2-4429-9C98-CCDEA6D2EC5A}"
EndProject
Project("{FAE04EC0-301F-11D3-BF4B-00C04F79EFBC}") = "minivm", "..\minidity\src\minivm\minivm.csproj", "{B55C2E34-A003-430F-8FDA-661752E6BF71}"
EndProject
Global
	GlobalSection(SolutionConfigurationPlatforms) = preSolution
		Debug|Any CPU = Debug|Any CPU
		Release|Any CPU = Release|Any CPU
	EndGlobalSection
	GlobalSection(ProjectConfigurationPlatforms) = postSolution
		{0A876FA1-46A7-44F7-994C-0E445CB05E5E}.Debug|Any CPU.ActiveCfg = Debug|Any CPU
		{0A876FA1-46A7-44F7-994C-0E445CB05E5E}.Debug|Any CPU.Build.0 = Debug|Any CPU
		{0A876FA1-46A7-44F7-994C-0E445CB05E5E}.Release|Any CPU.ActiveCfg = Release|Any CPU
		{0A876FA1-46A7-44F7-994C-0E445CB05E5E}.Release|Any CPU.Build.0 = Release|Any CPU
		{F85D05B2-45F4-4A37-9EB7-0FB092E01A5E}.Debug|Any CPU.ActiveCfg = Debug|Any CPU
		{F85D05B2-45F4-4A37-9EB7-0FB092E01A5E}.Debug|Any CPU.Build.0 = Debug|Any CPU
		{F85D05B2-45F4-4A37-9EB7-0FB092E01A5E}.Release|Any CPU.ActiveCfg = Release|Any CPU
		{F85D05B2-45F4-4A37-9EB7-0FB092E01A5E}.Release|Any CPU.Build.0 = Release|Any CPU
		{3E85D3A4-A37F-4F3F-9729-71C528E65E98}.Debug|Any CPU.ActiveCfg = Debug|Any CPU
		{3E85D3A4-A37F-4F3F-9729-71C528E65E98}.Debug|Any CPU.Build.0 = Debug|Any CPU
		{3E85D3A4-A37F-4F3F-9729-71C528E65E98}.Release|Any CPU.ActiveCfg = Release|Any CPU
		{3E85D3A4-A37F-4F3F-9729-71C528E65E98}.Release|Any CPU.Build.0 = Release|Any CPU
		{8F9B787F-E23D-4A7C-987C-4BC5209E580F}.Debug|Any CPU.ActiveCfg = Debug|Any CPU
		{8F9B787F-E23D-4A7C-987C-4BC5209E580F}.Debug|Any CPU.Build.0 = Debug|Any CPU
		{8F9B787F-E23D-4A7C-987C-4BC5209E580F}.Release|Any CPU.ActiveCfg = Release|Any CPU
		{8F9B787F-E23D-4A7C-987C-4BC5209E580F}.Release|Any CPU.Build.0 = Release|Any CPU
		{927F7CBA-EEF2-4429-9C98-CCDEA6D2EC5A}.Debug|Any CPU.ActiveCfg = Debug|Any CPU
		{927F7CBA-EEF2-4429-9C98-CCDEA6D2EC5A}.Debug|Any CPU.Build.0 = Debug|Any CPU
		{927F7CBA-EEF2-4429-9C98-CCDEA6D2EC5A}.Release|Any CPU.ActiveCfg = Release|Any CPU
		{927F7CBA-EEF2-4429-9C98-CCDEA6D2EC5A}.Release|Any CPU.Build.0 = Release|Any CPU
		{B55C2E34-A003-430F-8FDA-661752E6BF71}.Debug|Any CPU.ActiveCfg = Debug|Any CPU
		{B55C2E34-A003-430F-8FDA-661752E6BF71}.Debug|Any CPU.Build.0 = Debug|Any CPU
		{B55C2E34-A003-430F-8FDA-661752E6BF71}.Release|Any CPU.ActiveCfg = Release|Any CPU
		{B55C2E34-A003-430F-8FDA-661752E6BF71}.Release|Any CPU.Build.0 = Release|Any CPU
	EndGlobalSection
	GlobalSection(SolutionProperties) = preSolution
		HideSolutionNode = FALSE
	EndGlobalSection
	GlobalSection(ExtensibilityGlobals) = postSolution
		SolutionGuid = {47BD6774-BC54-46A9-99A6-070F04FCB154}
	EndGlobalSection
EndGlobal
